
Microsoft Visual Studio Solution File, Format Version 12.00
# Visual Studio 2013
VisualStudioVersion = 12.0.30501.0
MinimumVisualStudioVersion = 10.0.40219.1
Project("{FAE04EC0-301F-11D3-BF4B-00C04F79EFBC}") = "FiletableDataContext", "FiletableDataContext\FiletableDataContext.csproj", "{57FDA42E-9290-4999-9A4A-F5E4237A2FF2}"
EndProject
Project("{2150E333-8FDC-42A3-9474-1A3956D46DE8}") = "Solution Items", "Solution Items", "{6C671D1A-33E1-43C8-8E8E-FBCE42E96652}"
	ProjectSection(SolutionItems) = preProject
		.gitignore = .gitignore
	EndProjectSection
EndProject
Project("{FAE04EC0-301F-11D3-BF4B-00C04F79EFBC}") = "Demo", "Demo\Demo.csproj", "{F016911E-AC0C-474C-B61F-FA1B082A6EED}"
EndProject
Global
	GlobalSection(SolutionConfigurationPlatforms) = preSolution
		Debug|Any CPU = Debug|Any CPU
		Release|Any CPU = Release|Any CPU
	EndGlobalSection
	GlobalSection(ProjectConfigurationPlatforms) = postSolution
		{57FDA42E-9290-4999-9A4A-F5E4237A2FF2}.Debug|Any CPU.ActiveCfg = Debug|Any CPU
		{57FDA42E-9290-4999-9A4A-F5E4237A2FF2}.Debug|Any CPU.Build.0 = Debug|Any CPU
		{57FDA42E-9290-4999-9A4A-F5E4237A2FF2}.Release|Any CPU.ActiveCfg = Release|Any CPU
		{57FDA42E-9290-4999-9A4A-F5E4237A2FF2}.Release|Any CPU.Build.0 = Release|Any CPU
		{F016911E-AC0C-474C-B61F-FA1B082A6EED}.Debug|Any CPU.ActiveCfg = Debug|Any CPU
		{F016911E-AC0C-474C-B61F-FA1B082A6EED}.Debug|Any CPU.Build.0 = Debug|Any CPU
		{F016911E-AC0C-474C-B61F-FA1B082A6EED}.Release|Any CPU.ActiveCfg = Release|Any CPU
		{F016911E-AC0C-474C-B61F-FA1B082A6EED}.Release|Any CPU.Build.0 = Release|Any CPU
	EndGlobalSection
	GlobalSection(SolutionProperties) = preSolution
		HideSolutionNode = FALSE
	EndGlobalSection
EndGlobal
